// !$*UTF8*$!
{
	archiveVersion = 1;
	classes = {
	};
	objectVersion = 46;
	objects = {

/* Begin PBXBuildFile section */
		7592C1C4164F938A00E79990 /* Net.cpp in Sources */ = {isa = PBXBuildFile; fileRef = 7592C1C3164F938A00E79990 /* Net.cpp */; };
		7592C1C8164F990000E79990 /* Command.cpp in Sources */ = {isa = PBXBuildFile; fileRef = 7592C1C7164F990000E79990 /* Command.cpp */; };
		7592C1CD164F9E3600E79990 /* TankAIGame.cpp in Sources */ = {isa = PBXBuildFile; fileRef = 7592C1CC164F9E3600E79990 /* TankAIGame.cpp */; };
/* End PBXBuildFile section */

/* Begin PBXFileReference section */
		7592C1A8164F921700E79990 /* libTankAICommon.a */ = {isa = PBXFileReference; explicitFileType = archive.ar; includeInIndex = 0; path = libTankAICommon.a; sourceTree = BUILT_PRODUCTS_DIR; };
		7592C1B6164F927100E79990 /* Net.h */ = {isa = PBXFileReference; lastKnownFileType = sourcecode.c.h; name = Net.h; path = TankAICommon/Net.h; sourceTree = "<group>"; };
		7592C1C3164F938A00E79990 /* Net.cpp */ = {isa = PBXFileReference; fileEncoding = 4; lastKnownFileType = sourcecode.cpp.cpp; name = Net.cpp; path = TankAICommon/Net.cpp; sourceTree = "<group>"; };
		7592C1C5164F961C00E79990 /* TankAIGame.h */ = {isa = PBXFileReference; lastKnownFileType = sourcecode.c.h; name = TankAIGame.h; path = TankAICommon/TankAIGame.h; sourceTree = "<group>"; };
		7592C1C6164F98F300E79990 /* Command.h */ = {isa = PBXFileReference; lastKnownFileType = sourcecode.c.h; name = Command.h; path = TankAICommon/Command.h; sourceTree = "<group>"; };
		7592C1C7164F990000E79990 /* Command.cpp */ = {isa = PBXFileReference; fileEncoding = 4; lastKnownFileType = sourcecode.cpp.cpp; name = Command.cpp; path = TankAICommon/Command.cpp; sourceTree = "<group>"; };
		7592C1CC164F9E3600E79990 /* TankAIGame.cpp */ = {isa = PBXFileReference; fileEncoding = 4; lastKnownFileType = sourcecode.cpp.cpp; name = TankAIGame.cpp; path = TankAICommon/TankAIGame.cpp; sourceTree = "<group>"; };
/* End PBXFileReference section */

/* Begin PBXFrameworksBuildPhase section */
		7592C1A5164F921700E79990 /* Frameworks */ = {
			isa = PBXFrameworksBuildPhase;
			buildActionMask = 2147483647;
			files = (
			);
			runOnlyForDeploymentPostprocessing = 0;
		};
/* End PBXFrameworksBuildPhase section */

/* Begin PBXGroup section */
		7592C19D164F921700E79990 = {
			isa = PBXGroup;
			children = (
				7592C1B5164F922B00E79990 /* TankAICommon */,
				7592C1A9164F921700E79990 /* Products */,
			);
			sourceTree = "<group>";
		};
		7592C1A9164F921700E79990 /* Products */ = {
			isa = PBXGroup;
			children = (
				7592C1A8164F921700E79990 /* libTankAICommon.a */,
			);
			name = Products;
			sourceTree = "<group>";
		};
		7592C1B5164F922B00E79990 /* TankAICommon */ = {
			isa = PBXGroup;
			children = (
				7592C1B6164F927100E79990 /* Net.h */,
				7592C1C3164F938A00E79990 /* Net.cpp */,
				7592C1C6164F98F300E79990 /* Command.h */,
				7592C1C7164F990000E79990 /* Command.cpp */,
				7592C1C5164F961C00E79990 /* TankAIGame.h */,
				7592C1CC164F9E3600E79990 /* TankAIGame.cpp */,
			);
			name = TankAICommon;
			sourceTree = "<group>";
		};
/* End PBXGroup section */

/* Begin PBXHeadersBuildPhase section */
		7592C1A6164F921700E79990 /* Headers */ = {
			isa = PBXHeadersBuildPhase;
			buildActionMask = 2147483647;
			files = (
			);
			runOnlyForDeploymentPostprocessing = 0;
		};
/* End PBXHeadersBuildPhase section */

/* Begin PBXNativeTarget section */
		7592C1A7164F921700E79990 /* TankAICommon */ = {
			isa = PBXNativeTarget;
			buildConfigurationList = 7592C1AC164F921700E79990 /* Build configuration list for PBXNativeTarget "TankAICommon" */;
			buildPhases = (
				7592C1A4164F921700E79990 /* Sources */,
				7592C1A5164F921700E79990 /* Frameworks */,
				7592C1A6164F921700E79990 /* Headers */,
			);
			buildRules = (
			);
			dependencies = (
			);
			name = TankAICommon;
			productName = TankAICommon;
			productReference = 7592C1A8164F921700E79990 /* libTankAICommon.a */;
			productType = "com.apple.product-type.library.static";
		};
/* End PBXNativeTarget section */

/* Begin PBXProject section */
		7592C19F164F921700E79990 /* Project object */ = {
			isa = PBXProject;
			attributes = {
				LastUpgradeCheck = 0450;
				ORGANIZATIONNAME = Mesophase;
			};
			buildConfigurationList = 7592C1A2164F921700E79990 /* Build configuration list for PBXProject "TankAICommon" */;
			compatibilityVersion = "Xcode 3.2";
			developmentRegion = English;
			hasScannedForEncodings = 0;
			knownRegions = (
				en,
			);
			mainGroup = 7592C19D164F921700E79990;
			productRefGroup = 7592C1A9164F921700E79990 /* Products */;
			projectDirPath = "";
			projectRoot = "";
			targets = (
				7592C1A7164F921700E79990 /* TankAICommon */,
			);
		};
/* End PBXProject section */

/* Begin PBXSourcesBuildPhase section */
		7592C1A4164F921700E79990 /* Sources */ = {
			isa = PBXSourcesBuildPhase;
			buildActionMask = 2147483647;
			files = (
				7592C1C4164F938A00E79990 /* Net.cpp in Sources */,
				7592C1C8164F990000E79990 /* Command.cpp in Sources */,
				7592C1CD164F9E3600E79990 /* TankAIGame.cpp in Sources */,
			);
			runOnlyForDeploymentPostprocessing = 0;
		};
/* End PBXSourcesBuildPhase section */

/* Begin XCBuildConfiguration section */
		7592C1AA164F921700E79990 /* Debug */ = {
			isa = XCBuildConfiguration;
			buildSettings = {
				ALWAYS_SEARCH_USER_PATHS = NO;
				ARCHS = "$(ARCHS_STANDARD_64_BIT)";
				CLANG_CXX_LANGUAGE_STANDARD = "gnu++0x";
				CLANG_CXX_LIBRARY = "libc++";
				CLANG_WARN_EMPTY_BODY = YES;
				CLANG_WARN__DUPLICATE_METHOD_MATCH = YES;
				COPY_PHASE_STRIP = NO;
				GCC_C_LANGUAGE_STANDARD = gnu99;
				GCC_DYNAMIC_NO_PIC = NO;
				GCC_ENABLE_OBJC_EXCEPTIONS = YES;
				GCC_OPTIMIZATION_LEVEL = 0;
				GCC_PREPROCESSOR_DEFINITIONS = (
					"DEBUG=1",
					"$(inherited)",
				);
				GCC_SYMBOLS_PRIVATE_EXTERN = NO;
				GCC_WARN_64_TO_32_BIT_CONVERSION = YES;
				GCC_WARN_ABOUT_RETURN_TYPE = YES;
				GCC_WARN_UNINITIALIZED_AUTOS = YES;
				GCC_WARN_UNUSED_VARIABLE = YES;
				MACOSX_DEPLOYMENT_TARGET = 10.7;
				ONLY_ACTIVE_ARCH = YES;
				SDKROOT = macosx;
			};
			name = Debug;
		};
		7592C1AB164F921700E79990 /* Release */ = {
			isa = XCBuildConfiguration;
			buildSettings = {
				ALWAYS_SEARCH_USER_PATHS = NO;
				ARCHS = "$(ARCHS_STANDARD_64_BIT)";
				CLANG_CXX_LANGUAGE_STANDARD = "gnu++0x";
				CLANG_CXX_LIBRARY = "libc++";
				CLANG_WARN_EMPTY_BODY = YES;
				CLANG_WARN__DUPLICATE_METHOD_MATCH = YES;
				COPY_PHASE_STRIP = YES;
				DEBUG_INFORMATION_FORMAT = "dwarf-with-dsym";
				GCC_C_LANGUAGE_STANDARD = gnu99;
				GCC_ENABLE_OBJC_EXCEPTIONS = YES;
				GCC_WARN_64_TO_32_BIT_CONVERSION = YES;
				GCC_WARN_ABOUT_RETURN_TYPE = YES;
				GCC_WARN_UNINITIALIZED_AUTOS = YES;
				GCC_WARN_UNUSED_VARIABLE = YES;
				MACOSX_DEPLOYMENT_TARGET = 10.7;
				SDKROOT = macosx;
			};
			name = Release;
		};
		7592C1AD164F921700E79990 /* Debug */ = {
			isa = XCBuildConfiguration;
			buildSettings = {
				EXECUTABLE_PREFIX = lib;
				PRODUCT_NAME = "$(TARGET_NAME)";
			};
			name = Debug;
		};
		7592C1AE164F921700E79990 /* Release */ = {
			isa = XCBuildConfiguration;
			buildSettings = {
				EXECUTABLE_PREFIX = lib;
				PRODUCT_NAME = "$(TARGET_NAME)";
			};
			name = Release;
		};
/* End XCBuildConfiguration section */

/* Begin XCConfigurationList section */
		7592C1A2164F921700E79990 /* Build configuration list for PBXProject "TankAICommon" */ = {
			isa = XCConfigurationList;
			buildConfigurations = (
				7592C1AA164F921700E79990 /* Debug */,
				7592C1AB164F921700E79990 /* Release */,
			);
			defaultConfigurationIsVisible = 0;
			defaultConfigurationName = Release;
		};
		7592C1AC164F921700E79990 /* Build configuration list for PBXNativeTarget "TankAICommon" */ = {
			isa = XCConfigurationList;
			buildConfigurations = (
				7592C1AD164F921700E79990 /* Debug */,
				7592C1AE164F921700E79990 /* Release */,
			);
			defaultConfigurationIsVisible = 0;
		};
/* End XCConfigurationList section */
	};
	rootObject = 7592C19F164F921700E79990 /* Project object */;
}
